
Microsoft Visual Studio Solution File, Format Version 12.00
# Visual Studio Version 17
VisualStudioVersion = 17.7.34031.279
MinimumVisualStudioVersion = 10.0.40219.1
Project("{FAE04EC0-301F-11D3-BF4B-00C04F79EFBC}") = "TictacToe", "TictacToe.csproj", "{B511A900-3CF4-47FA-B6B2-A883EA5FAC17}"
EndProject
Global
	GlobalSection(SolutionConfigurationPlatforms) = preSolution
		Debug|Any CPU = Debug|Any CPU
		Release|Any CPU = Release|Any CPU
	EndGlobalSection
	GlobalSection(ProjectConfigurationPlatforms) = postSolution
		{B511A900-3CF4-47FA-B6B2-A883EA5FAC17}.Debug|Any CPU.ActiveCfg = Debug|Any CPU
		{B511A900-3CF4-47FA-B6B2-A883EA5FAC17}.Debug|Any CPU.Build.0 = Debug|Any CPU
		{B511A900-3CF4-47FA-B6B2-A883EA5FAC17}.Release|Any CPU.ActiveCfg = Release|Any CPU
		{B511A900-3CF4-47FA-B6B2-A883EA5FAC17}.Release|Any CPU.Build.0 = Release|Any CPU
	EndGlobalSection
	GlobalSection(SolutionProperties) = preSolution
		HideSolutionNode = FALSE
	EndGlobalSection
	GlobalSection(ExtensibilityGlobals) = postSolution
		SolutionGuid = {F9326B0F-6210-41C9-B8CB-6D2F991BFBED}
	EndGlobalSection
EndGlobal
